lockfileVersion: '9.0'

settings:
  autoInstallPeers: true
  excludeLinksFromLockfile: false

importers:

  .:
    dependencies:
      '@takazudo/zfb':
        specifier: file:../zfb/packages/zfb
        version: file:../zfb/packages/zfb
      '@takazudo/zfb-adapter-cloudflare':
        specifier: file:../zfb/packages/zfb-adapter-cloudflare
        version: file:../zfb/packages/zfb-adapter-cloudflare
      '@takazudo/zfb-runtime':
        specifier: file:../zfb/packages/zfb-runtime
        version: file:../zfb/packages/zfb-runtime(@takazudo/zfb@file:../zfb/packages/zfb)
      preact:
        specifier: ^10.22.0
        version: 10.29.2
      preact-render-to-string:
        specifier: ^6.5.0
        version: 6.7.0(preact@10.29.2)
    devDependencies:
      '@cloudflare/workers-types':
        specifier: ^4.20240512.0
        version: 4.20260520.1
      '@types/node':
        specifier: ^22.0.0
        version: 22.19.19
      tailwindcss:
        specifier: ^4.1.0
        version: 4.3.0
      typescript:
        specifier: ^5.9.3
        version: 5.9.3

packages:

  '@cloudflare/workers-types@4.20260520.1':
    resolution: {integrity: sha512-wdmf9Fwabp06OgK9ZyCl8Q77GZ94k9J7OA9qA65FbgxZ/hd3hYRkVNiY7Bvsx4tKim+sWmKqGOblecZInAvoRg==}

  '@takazudo/zfb-adapter-cloudflare@file:../zfb/packages/zfb-adapter-cloudflare':
    resolution: {directory: ../zfb/packages/zfb-adapter-cloudflare, type: directory}
    hasBin: true

  '@takazudo/zfb-runtime@file:../zfb/packages/zfb-runtime':
    resolution: {directory: ../zfb/packages/zfb-runtime, type: directory}
    peerDependencies:
      '@takazudo/zfb': workspace:*

  '@takazudo/zfb@file:../zfb/packages/zfb':
    resolution: {directory: ../zfb/packages/zfb, type: directory}

  '@types/node@22.19.19':
    resolution: {integrity: sha512-dyh/xO2Fh5bYrfWaaqGrRQQGkNdmYw6AmaAUvYeUMNTWQtvb796ikLdmTchRmOlOiIJ1TDXfWgVx1QkUlQ6Hew==}

  hono@4.12.21:
    resolution: {integrity: sha512-uV63apnb0kyPtAUwoWgaGh9HyIFcv8lgmzPZSiTBQAFOFGIzka5EZ1dZocmGnn0XdX0+XTqJ6Tqv7selMuGLRQ==}
    engines: {node: '>=16.9.0'}

  preact-render-to-string@6.7.0:
    resolution: {integrity: sha512-Z4WR8fmLMRpdYqJ9i7vrlXSsSrxVJydwrkEXHapexfARbWfGb7vGcnvNQnIzN0cXciMVOlz/XLoiMCi9gUsy9Q==}
    peerDependencies:
      preact: '>=10 || >= 11.0.0-0'

  preact@10.29.2:
    resolution: {integrity: sha512-7tNmwg/7mzzAoB/8kSg6Hl37JraAZw3Z3A0JSY7VXlZwo82Xn0G7wKbNNs2qoF4ZEEsQGTwDAroNdqKs1ofJxQ==}

  tailwindcss@4.3.0:
    resolution: {integrity: sha512-y6nxMGB1nMW9R6k96e5gdIFzcfL/gTJRNaqGes1YvkLnPVXzWgbqFF2yLC0T8G774n24cx3Pe8XrKoniCOAH+Q==}

  typescript@5.9.3:
    resolution: {integrity: sha512-jl1vZzPDinLr9eUt3J/t7V6FgNEw9QjvBPdysz9KfQDD41fQrC2Y4vKQdiaUpFT4bXlb1RHhLpp8wtm6M5TgSw==}
    engines: {node: '>=14.17'}
    hasBin: true

  undici-types@6.21.0:
    resolution: {integrity: sha512-iwDZqg0QAGrg9Rav5H4n0M64c3mkR59cJ6wQp+7C4nI0gsmExaedaYLNO44eT4AtBBwjbTiGPMlt2Md0T9H9JQ==}

snapshots:

  '@cloudflare/workers-types@4.20260520.1': {}

  '@takazudo/zfb-adapter-cloudflare@file:../zfb/packages/zfb-adapter-cloudflare': {}

  '@takazudo/zfb-runtime@file:../zfb/packages/zfb-runtime(@takazudo/zfb@file:../zfb/packages/zfb)':
    dependencies:
      '@takazudo/zfb': file:../zfb/packages/zfb
      hono: 4.12.21

  '@takazudo/zfb@file:../zfb/packages/zfb': {}

  '@types/node@22.19.19':
    dependencies:
      undici-types: 6.21.0

  hono@4.12.21: {}

  preact-render-to-string@6.7.0(preact@10.29.2):
    dependencies:
      preact: 10.29.2

  preact@10.29.2: {}

  tailwindcss@4.3.0: {}

  typescript@5.9.3: {}

  undici-types@6.21.0: {}
